
Microsoft Visual Studio Solution File, Format Version 12.00
# Visual Studio Version 16
VisualStudioVersion = 16.0.31105.61
MinimumVisualStudioVersion = 10.0.40219.1
Project("{FAE04EC0-301F-11D3-BF4B-00C04F79EFBC}") = "calorieCalculatorProgram", "calorieCalculatorProgram\calorieCalculatorProgram.csproj", "{3BC145C8-F81C-4107-A818-ED58EAD49FAB}"
EndProject
Global
	GlobalSection(SolutionConfigurationPlatforms) = preSolution
		Debug|Any CPU = Debug|Any CPU
		Release|Any CPU = Release|Any CPU
	EndGlobalSection
	GlobalSection(ProjectConfigurationPlatforms) = postSolution
		{3BC145C8-F81C-4107-A818-ED58EAD49FAB}.Debug|Any CPU.ActiveCfg = Debug|Any CPU
		{3BC145C8-F81C-4107-A818-ED58EAD49FAB}.Debug|Any CPU.Build.0 = Debug|Any CPU
		{3BC145C8-F81C-4107-A818-ED58EAD49FAB}.Release|Any CPU.ActiveCfg = Release|Any CPU
		{3BC145C8-F81C-4107-A818-ED58EAD49FAB}.Release|Any CPU.Build.0 = Release|Any CPU
	EndGlobalSection
	GlobalSection(SolutionProperties) = preSolution
		HideSolutionNode = FALSE
	EndGlobalSection
	GlobalSection(ExtensibilityGlobals) = postSolution
		SolutionGuid = {28474F60-D1D1-46F1-A4A2-AEC500EB02EB}
	EndGlobalSection
EndGlobal
